// !$*UTF8*$!
{
	archiveVersion = 1;
	classes = {
	};
	objectVersion = 56;
	objects = {

/* Begin PBXBuildFile section */
		01CCFCBF2B27372A00584023 /* AppDelegate.swift in Sources */ = {isa = PBXBuildFile; fileRef = 01CCFCBE2B27372A00584023 /* AppDelegate.swift */; };
		01CCFCC12B27372A00584023 /* SceneDelegate.swift in Sources */ = {isa = PBXBuildFile; fileRef = 01CCFCC02B27372A00584023 /* SceneDelegate.swift */; };
		01CCFCC32B27372A00584023 /* ViewController.swift in Sources */ = {isa = PBXBuildFile; fileRef = 01CCFCC22B27372A00584023 /* ViewController.swift */; };
		01CCFCC62B27372A00584023 /* Main.storyboard in Resources */ = {isa = PBXBuildFile; fileRef = 01CCFCC42B27372A00584023 /* Main.storyboard */; };
		01CCFCC82B27372C00584023 /* Assets.xcassets in Resources */ = {isa = PBXBuildFile; fileRef = 01CCFCC72B27372C00584023 /* Assets.xcassets */; };
		01CCFCCB2B27372C00584023 /* LaunchScreen.storyboard in Resources */ = {isa = PBXBuildFile; fileRef = 01CCFCC92B27372C00584023 /* LaunchScreen.storyboard */; };
		01CCFCD62B27372C00584023 /* Poke_monAppTests.swift in Sources */ = {isa = PBXBuildFile; fileRef = 01CCFCD52B27372C00584023 /* Poke_monAppTests.swift */; };
		01CCFCE02B27372C00584023 /* Poke_monAppUITests.swift in Sources */ = {isa = PBXBuildFile; fileRef = 01CCFCDF2B27372C00584023 /* Poke_monAppUITests.swift */; };
		01CCFCE22B27372C00584023 /* Poke_monAppUITestsLaunchTests.swift in Sources */ = {isa = PBXBuildFile; fileRef = 01CCFCE12B27372C00584023 /* Poke_monAppUITestsLaunchTests.swift */; };
/* End PBXBuildFile section */

/* Begin PBXContainerItemProxy section */
		01CCFCD22B27372C00584023 /* PBXContainerItemProxy */ = {
			isa = PBXContainerItemProxy;
			containerPortal = 01CCFCB32B27372A00584023 /* Project object */;
			proxyType = 1;
			remoteGlobalIDString = 01CCFCBA2B27372A00584023;
			remoteInfo = "PokémonApp";
		};
		01CCFCDC2B27372C00584023 /* PBXContainerItemProxy */ = {
			isa = PBXContainerItemProxy;
			containerPortal = 01CCFCB32B27372A00584023 /* Project object */;
			proxyType = 1;
			remoteGlobalIDString = 01CCFCBA2B27372A00584023;
			remoteInfo = "PokémonApp";
		};
/* End PBXContainerItemProxy section */

/* Begin PBXFileReference section */
		01CCFCBB2B27372A00584023 /* PokémonApp.app */ = {isa = PBXFileReference; explicitFileType = wrapper.application; includeInIndex = 0; path = "PokémonApp.app"; sourceTree = BUILT_PRODUCTS_DIR; };
		01CCFCBE2B27372A00584023 /* AppDelegate.swift */ = {isa = PBXFileReference; lastKnownFileType = sourcecode.swift; path = AppDelegate.swift; sourceTree = "<group>"; };
		01CCFCC02B27372A00584023 /* SceneDelegate.swift */ = {isa = PBXFileReference; lastKnownFileType = sourcecode.swift; path = SceneDelegate.swift; sourceTree = "<group>"; };
		01CCFCC22B27372A00584023 /* ViewController.swift */ = {isa = PBXFileReference; lastKnownFileType = sourcecode.swift; path = ViewController.swift; sourceTree = "<group>"; };
		01CCFCC52B27372A00584023 /* Base */ = {isa = PBXFileReference; lastKnownFileType = file.storyboard; name = Base; path = Base.lproj/Main.storyboard; sourceTree = "<group>"; };
		01CCFCC72B27372C00584023 /* Assets.xcassets */ = {isa = PBXFileReference; lastKnownFileType = folder.assetcatalog; path = Assets.xcassets; sourceTree = "<group>"; };
		01CCFCCA2B27372C00584023 /* Base */ = {isa = PBXFileReference; lastKnownFileType = file.storyboard; name = Base; path = Base.lproj/LaunchScreen.storyboard; sourceTree = "<group>"; };
		01CCFCCC2B27372C00584023 /* Info.plist */ = {isa = PBXFileReference; lastKnownFileType = text.plist.xml; path = Info.plist; sourceTree = "<group>"; };
		01CCFCD12B27372C00584023 /* PokémonAppTests.xctest */ = {isa = PBXFileReference; explicitFileType = wrapper.cfbundle; includeInIndex = 0; path = "PokémonAppTests.xctest"; sourceTree = BUILT_PRODUCTS_DIR; };
		01CCFCD52B27372C00584023 /* Poke_monAppTests.swift */ = {isa = PBXFileReference; lastKnownFileType = sourcecode.swift; path = Poke_monAppTests.swift; sourceTree = "<group>"; };
		01CCFCDB2B27372C00584023 /* PokémonAppUITests.xctest */ = {isa = PBXFileReference; explicitFileType = wrapper.cfbundle; includeInIndex = 0; path = "PokémonAppUITests.xctest"; sourceTree = BUILT_PRODUCTS_DIR; };
		01CCFCDF2B27372C00584023 /* Poke_monAppUITests.swift */ = {isa = PBXFileReference; lastKnownFileType = sourcecode.swift; path = Poke_monAppUITests.swift; sourceTree = "<group>"; };
		01CCFCE12B27372C00584023 /* Poke_monAppUITestsLaunchTests.swift */ = {isa = PBXFileReference; lastKnownFileType = sourcecode.swift; path = Poke_monAppUITestsLaunchTests.swift; sourceTree = "<group>"; };
/* End PBXFileReference section */

/* Begin PBXFrameworksBuildPhase section */
		01CCFCB82B27372A00584023 /* Frameworks */ = {
			isa = PBXFrameworksBuildPhase;
			buildActionMask = 2147483647;
			files = (
			);
			runOnlyForDeploymentPostprocessing = 0;
		};
		01CCFCCE2B27372C00584023 /* Frameworks */ = {
			isa = PBXFrameworksBuildPhase;
			buildActionMask = 2147483647;
			files = (
			);
			runOnlyForDeploymentPostprocessing = 0;
		};
		01CCFCD82B27372C00584023 /* Frameworks */ = {
			isa = PBXFrameworksBuildPhase;
			buildActionMask = 2147483647;
			files = (
			);
			runOnlyForDeploymentPostprocessing = 0;
		};
/* End PBXFrameworksBuildPhase section */

/* Begin PBXGroup section */
		01CCFCB22B27372A00584023 = {
			isa = PBXGroup;
			children = (
				01CCFCBD2B27372A00584023 /* PokémonApp */,
				01CCFCD42B27372C00584023 /* PokémonAppTests */,
				01CCFCDE2B27372C00584023 /* PokémonAppUITests */,
				01CCFCBC2B27372A00584023 /* Products */,
			);
			sourceTree = "<group>";
		};
		01CCFCBC2B27372A00584023 /* Products */ = {
			isa = PBXGroup;
			children = (
				01CCFCBB2B27372A00584023 /* PokémonApp.app */,
				01CCFCD12B27372C00584023 /* PokémonAppTests.xctest */,
				01CCFCDB2B27372C00584023 /* PokémonAppUITests.xctest */,
			);
			name = Products;
			sourceTree = "<group>";
		};
		01CCFCBD2B27372A00584023 /* PokémonApp */ = {
			isa = PBXGroup;
			children = (
				01CCFCBE2B27372A00584023 /* AppDelegate.swift */,
				01CCFCC02B27372A00584023 /* SceneDelegate.swift */,
				01CCFCC22B27372A00584023 /* ViewController.swift */,
				01CCFCC42B27372A00584023 /* Main.storyboard */,
				01CCFCC72B27372C00584023 /* Assets.xcassets */,
				01CCFCC92B27372C00584023 /* LaunchScreen.storyboard */,
				01CCFCCC2B27372C00584023 /* Info.plist */,
			);
			path = "PokémonApp";
			sourceTree = "<group>";
		};
		01CCFCD42B27372C00584023 /* PokémonAppTests */ = {
			isa = PBXGroup;
			children = (
				01CCFCD52B27372C00584023 /* Poke_monAppTests.swift */,
			);
			path = "PokémonAppTests";
			sourceTree = "<group>";
		};
		01CCFCDE2B27372C00584023 /* PokémonAppUITests */ = {
			isa = PBXGroup;
			children = (
				01CCFCDF2B27372C00584023 /* Poke_monAppUITests.swift */,
				01CCFCE12B27372C00584023 /* Poke_monAppUITestsLaunchTests.swift */,
			);
			path = "PokémonAppUITests";
			sourceTree = "<group>";
		};
/* End PBXGroup section */

/* Begin PBXNativeTarget section */
		01CCFCBA2B27372A00584023 /* PokémonApp */ = {
			isa = PBXNativeTarget;
			buildConfigurationList = 01CCFCE52B27372C00584023 /* Build configuration list for PBXNativeTarget "PokémonApp" */;
			buildPhases = (
				01CCFCB72B27372A00584023 /* Sources */,
				01CCFCB82B27372A00584023 /* Frameworks */,
				01CCFCB92B27372A00584023 /* Resources */,
			);
			buildRules = (
			);
			dependencies = (
			);
			name = "PokémonApp";
			productName = "PokémonApp";
			productReference = 01CCFCBB2B27372A00584023 /* PokémonApp.app */;
			productType = "com.apple.product-type.application";
		};
		01CCFCD02B27372C00584023 /* PokémonAppTests */ = {
			isa = PBXNativeTarget;
			buildConfigurationList = 01CCFCE82B27372C00584023 /* Build configuration list for PBXNativeTarget "PokémonAppTests" */;
			buildPhases = (
				01CCFCCD2B27372C00584023 /* Sources */,
				01CCFCCE2B27372C00584023 /* Frameworks */,
				01CCFCCF2B27372C00584023 /* Resources */,
			);
			buildRules = (
			);
			dependencies = (
				01CCFCD32B27372C00584023 /* PBXTargetDependency */,
			);
			name = "PokémonAppTests";
			productName = "PokémonAppTests";
			productReference = 01CCFCD12B27372C00584023 /* PokémonAppTests.xctest */;
			productType = "com.apple.product-type.bundle.unit-test";
		};
		01CCFCDA2B27372C00584023 /* PokémonAppUITests */ = {
			isa = PBXNativeTarget;
			buildConfigurationList = 01CCFCEB2B27372C00584023 /* Build configuration list for PBXNativeTarget "PokémonAppUITests" */;
			buildPhases = (
				01CCFCD72B27372C00584023 /* Sources */,
				01CCFCD82B27372C00584023 /* Frameworks */,
				01CCFCD92B27372C00584023 /* Resources */,
			);
			buildRules = (
			);
			dependencies = (
				01CCFCDD2B27372C00584023 /* PBXTargetDependency */,
			);
			name = "PokémonAppUITests";
			productName = "PokémonAppUITests";
			productReference = 01CCFCDB2B27372C00584023 /* PokémonAppUITests.xctest */;
			productType = "com.apple.product-type.bundle.ui-testing";
		};
/* End PBXNativeTarget section */

/* Begin PBXProject section */
		01CCFCB32B27372A00584023 /* Project object */ = {
			isa = PBXProject;
			attributes = {
				BuildIndependentTargetsInParallel = 1;
				LastSwiftUpdateCheck = 1500;
				LastUpgradeCheck = 1500;
				TargetAttributes = {
					01CCFCBA2B27372A00584023 = {
						CreatedOnToolsVersion = 15.0.1;
					};
					01CCFCD02B27372C00584023 = {
						CreatedOnToolsVersion = 15.0.1;
						TestTargetID = 01CCFCBA2B27372A00584023;
					};
					01CCFCDA2B27372C00584023 = {
						CreatedOnToolsVersion = 15.0.1;
						TestTargetID = 01CCFCBA2B27372A00584023;
					};
				};
			};
			buildConfigurationList = 01CCFCB62B27372A00584023 /* Build configuration list for PBXProject "PokémonApp" */;
			compatibilityVersion = "Xcode 14.0";
			developmentRegion = en;
			hasScannedForEncodings = 0;
			knownRegions = (
				en,
				Base,
			);
			mainGroup = 01CCFCB22B27372A00584023;
			productRefGroup = 01CCFCBC2B27372A00584023 /* Products */;
			projectDirPath = "";
			projectRoot = "";
			targets = (
				01CCFCBA2B27372A00584023 /* PokémonApp */,
				01CCFCD02B27372C00584023 /* PokémonAppTests */,
				01CCFCDA2B27372C00584023 /* PokémonAppUITests */,
			);
		};
/* End PBXProject section */

/* Begin PBXResourcesBuildPhase section */
		01CCFCB92B27372A00584023 /* Resources */ = {
			isa = PBXResourcesBuildPhase;
			buildActionMask = 2147483647;
			files = (
				01CCFCCB2B27372C00584023 /* LaunchScreen.storyboard in Resources */,
				01CCFCC82B27372C00584023 /* Assets.xcassets in Resources */,
				01CCFCC62B27372A00584023 /* Main.storyboard in Resources */,
			);
			runOnlyForDeploymentPostprocessing = 0;
		};
		01CCFCCF2B27372C00584023 /* Resources */ = {
			isa = PBXResourcesBuildPhase;
			buildActionMask = 2147483647;
			files = (
			);
			runOnlyForDeploymentPostprocessing = 0;
		};
		01CCFCD92B27372C00584023 /* Resources */ = {
			isa = PBXResourcesBuildPhase;
			buildActionMask = 2147483647;
			files = (
			);
			runOnlyForDeploymentPostprocessing = 0;
		};
/* End PBXResourcesBuildPhase section */

/* Begin PBXSourcesBuildPhase section */
		01CCFCB72B27372A00584023 /* Sources */ = {
			isa = PBXSourcesBuildPhase;
			buildActionMask = 2147483647;
			files = (
				01CCFCC32B27372A00584023 /* ViewController.swift in Sources */,
				01CCFCBF2B27372A00584023 /* AppDelegate.swift in Sources */,
				01CCFCC12B27372A00584023 /* SceneDelegate.swift in Sources */,
			);
			runOnlyForDeploymentPostprocessing = 0;
		};
		01CCFCCD2B27372C00584023 /* Sources */ = {
			isa = PBXSourcesBuildPhase;
			buildActionMask = 2147483647;
			files = (
				01CCFCD62B27372C00584023 /* Poke_monAppTests.swift in Sources */,
			);
			runOnlyForDeploymentPostprocessing = 0;
		};
		01CCFCD72B27372C00584023 /* Sources */ = {
			isa = PBXSourcesBuildPhase;
			buildActionMask = 2147483647;
			files = (
				01CCFCE22B27372C00584023 /* Poke_monAppUITestsLaunchTests.swift in Sources */,
				01CCFCE02B27372C00584023 /* Poke_monAppUITests.swift in Sources */,
			);
			runOnlyForDeploymentPostprocessing = 0;
		};
/* End PBXSourcesBuildPhase section */

/* Begin PBXTargetDependency section */
		01CCFCD32B27372C00584023 /* PBXTargetDependency */ = {
			isa = PBXTargetDependency;
			target = 01CCFCBA2B27372A00584023 /* PokémonApp */;
			targetProxy = 01CCFCD22B27372C00584023 /* PBXContainerItemProxy */;
		};
		01CCFCDD2B27372C00584023 /* PBXTargetDependency */ = {
			isa = PBXTargetDependency;
			target = 01CCFCBA2B27372A00584023 /* PokémonApp */;
			targetProxy = 01CCFCDC2B27372C00584023 /* PBXContainerItemProxy */;
		};
/* End PBXTargetDependency section */

/* Begin PBXVariantGroup section */
		01CCFCC42B27372A00584023 /* Main.storyboard */ = {
			isa = PBXVariantGroup;
			children = (
				01CCFCC52B27372A00584023 /* Base */,
			);
			name = Main.storyboard;
			sourceTree = "<group>";
		};
		01CCFCC92B27372C00584023 /* LaunchScreen.storyboard */ = {
			isa = PBXVariantGroup;
			children = (
				01CCFCCA2B27372C00584023 /* Base */,
			);
			name = LaunchScreen.storyboard;
			sourceTree = "<group>";
		};
/* End PBXVariantGroup section */

/* Begin XCBuildConfiguration section */
		01CCFCE32B27372C00584023 /* Debug */ = {
			isa = XCBuildConfiguration;
			buildSettings = {
				ALWAYS_SEARCH_USER_PATHS = NO;
				ASSETCATALOG_COMPILER_GENERATE_SWIFT_ASSET_SYMBOL_EXTENSIONS = YES;
				CLANG_ANALYZER_NONNULL = YES;
				CLANG_ANALYZER_NUMBER_OBJECT_CONVERSION = YES_AGGRESSIVE;
				CLANG_CXX_LANGUAGE_STANDARD = "gnu++20";
				CLANG_ENABLE_MODULES = YES;
				CLANG_ENABLE_OBJC_ARC = YES;
				CLANG_ENABLE_OBJC_WEAK = YES;
				CLANG_WARN_BLOCK_CAPTURE_AUTORELEASING = YES;
				CLANG_WARN_BOOL_CONVERSION = YES;
				CLANG_WARN_COMMA = YES;
				CLANG_WARN_CONSTANT_CONVERSION = YES;
				CLANG_WARN_DEPRECATED_OBJC_IMPLEMENTATIONS = YES;
				CLANG_WARN_DIRECT_OBJC_ISA_USAGE = YES_ERROR;
				CLANG_WARN_DOCUMENTATION_COMMENTS = YES;
				CLANG_WARN_EMPTY_BODY = YES;
				CLANG_WARN_ENUM_CONVERSION = YES;
				CLANG_WARN_INFINITE_RECURSION = YES;
				CLANG_WARN_INT_CONVERSION = YES;
				CLANG_WARN_NON_LITERAL_NULL_CONVERSION = YES;
				CLANG_WARN_OBJC_IMPLICIT_RETAIN_SELF = YES;
				CLANG_WARN_OBJC_LITERAL_CONVERSION = YES;
				CLANG_WARN_OBJC_ROOT_CLASS = YES_ERROR;
				CLANG_WARN_QUOTED_INCLUDE_IN_FRAMEWORK_HEADER = YES;
				CLANG_WARN_RANGE_LOOP_ANALYSIS = YES;
				CLANG_WARN_STRICT_PROTOTYPES = YES;
				CLANG_WARN_SUSPICIOUS_MOVE = YES;
				CLANG_WARN_UNGUARDED_AVAILABILITY = YES_AGGRESSIVE;
				CLANG_WARN_UNREACHABLE_CODE = YES;
				CLANG_WARN__DUPLICATE_METHOD_MATCH = YES;
				COPY_PHASE_STRIP = NO;
				DEBUG_INFORMATION_FORMAT = dwarf;
				ENABLE_STRICT_OBJC_MSGSEND = YES;
				ENABLE_TESTABILITY = YES;
				ENABLE_USER_SCRIPT_SANDBOXING = YES;
				GCC_C_LANGUAGE_STANDARD = gnu17;
				GCC_DYNAMIC_NO_PIC = NO;
				GCC_NO_COMMON_BLOCKS = YES;
				GCC_OPTIMIZATION_LEVEL = 0;
				GCC_PREPROCESSOR_DEFINITIONS = (
					"DEBUG=1",
					"$(inherited)",
				);
				GCC_WARN_64_TO_32_BIT_CONVERSION = YES;
				GCC_WARN_ABOUT_RETURN_TYPE = YES_ERROR;
				GCC_WARN_UNDECLARED_SELECTOR = YES;
				GCC_WARN_UNINITIALIZED_AUTOS = YES_AGGRESSIVE;
				GCC_WARN_UNUSED_FUNCTION = YES;
				GCC_WARN_UNUSED_VARIABLE = YES;
				IPHONEOS_DEPLOYMENT_TARGET = 17.0;
				LOCALIZATION_PREFERS_STRING_CATALOGS = YES;
				MTL_ENABLE_DEBUG_INFO = INCLUDE_SOURCE;
				MTL_FAST_MATH = YES;
				ONLY_ACTIVE_ARCH = YES;
				SDKROOT = iphoneos;
				SWIFT_ACTIVE_COMPILATION_CONDITIONS = "DEBUG $(inherited)";
				SWIFT_OPTIMIZATION_LEVEL = "-Onone";
			};
			name = Debug;
		};
		01CCFCE42B27372C00584023 /* Release */ = {
			isa = XCBuildConfiguration;
			buildSettings = {
				ALWAYS_SEARCH_USER_PATHS = NO;
				ASSETCATALOG_COMPILER_GENERATE_SWIFT_ASSET_SYMBOL_EXTENSIONS = YES;
				CLANG_ANALYZER_NONNULL = YES;
				CLANG_ANALYZER_NUMBER_OBJECT_CONVERSION = YES_AGGRESSIVE;
				CLANG_CXX_LANGUAGE_STANDARD = "gnu++20";
				CLANG_ENABLE_MODULES = YES;
				CLANG_ENABLE_OBJC_ARC = YES;
				CLANG_ENABLE_OBJC_WEAK = YES;
				CLANG_WARN_BLOCK_CAPTURE_AUTORELEASING = YES;
				CLANG_WARN_BOOL_CONVERSION = YES;
				CLANG_WARN_COMMA = YES;
				CLANG_WARN_CONSTANT_CONVERSION = YES;
				CLANG_WARN_DEPRECATED_OBJC_IMPLEMENTATIONS = YES;
				CLANG_WARN_DIRECT_OBJC_ISA_USAGE = YES_ERROR;
				CLANG_WARN_DOCUMENTATION_COMMENTS = YES;
				CLANG_WARN_EMPTY_BODY = YES;
				CLANG_WARN_ENUM_CONVERSION = YES;
				CLANG_WARN_INFINITE_RECURSION = YES;
				CLANG_WARN_INT_CONVERSION = YES;
				CLANG_WARN_NON_LITERAL_NULL_CONVERSION = YES;
				CLANG_WARN_OBJC_IMPLICIT_RETAIN_SELF = YES;
				CLANG_WARN_OBJC_LITERAL_CONVERSION = YES;
				CLANG_WARN_OBJC_ROOT_CLASS = YES_ERROR;
				CLANG_WARN_QUOTED_INCLUDE_IN_FRAMEWORK_HEADER = YES;
				CLANG_WARN_RANGE_LOOP_ANALYSIS = YES;
				CLANG_WARN_STRICT_PROTOTYPES = YES;
				CLANG_WARN_SUSPICIOUS_MOVE = YES;
				CLANG_WARN_UNGUARDED_AVAILABILITY = YES_AGGRESSIVE;
				CLANG_WARN_UNREACHABLE_CODE = YES;
				CLANG_WARN__DUPLICATE_METHOD_MATCH = YES;
				COPY_PHASE_STRIP = NO;
				DEBUG_INFORMATION_FORMAT = "dwarf-with-dsym";
				ENABLE_NS_ASSERTIONS = NO;
				ENABLE_STRICT_OBJC_MSGSEND = YES;
				ENABLE_USER_SCRIPT_SANDBOXING = YES;
				GCC_C_LANGUAGE_STANDARD = gnu17;
				GCC_NO_COMMON_BLOCKS = YES;
				GCC_WARN_64_TO_32_BIT_CONVERSION = YES;
				GCC_WARN_ABOUT_RETURN_TYPE = YES_ERROR;
				GCC_WARN_UNDECLARED_SELECTOR = YES;
				GCC_WARN_UNINITIALIZED_AUTOS = YES_AGGRESSIVE;
				GCC_WARN_UNUSED_FUNCTION = YES;
				GCC_WARN_UNUSED_VARIABLE = YES;
				IPHONEOS_DEPLOYMENT_TARGET = 17.0;
				LOCALIZATION_PREFERS_STRING_CATALOGS = YES;
				MTL_ENABLE_DEBUG_INFO = NO;
				MTL_FAST_MATH = YES;
				SDKROOT = iphoneos;
				SWIFT_COMPILATION_MODE = wholemodule;
				VALIDATE_PRODUCT = YES;
			};
			name = Release;
		};
		01CCFCE62B27372C00584023 /* Debug */ = {
			isa = XCBuildConfiguration;
			buildSettings = {
				ASSETCATALOG_COMPILER_APPICON_NAME = AppIcon;
				ASSETCATALOG_COMPILER_GLOBAL_ACCENT_COLOR_NAME = AccentColor;
				CODE_SIGN_STYLE = Automatic;
				CURRENT_PROJECT_VERSION = 1;
				DEVELOPMENT_TEAM = 9A9QCVT3U8;
				GENERATE_INFOPLIST_FILE = YES;
				INFOPLIST_FILE = "PokémonApp/Info.plist";
				INFOPLIST_KEY_UIApplicationSupportsIndirectInputEvents = YES;
				INFOPLIST_KEY_UILaunchStoryboardName = LaunchScreen;
				INFOPLIST_KEY_UIMainStoryboardFile = Main;
				INFOPLIST_KEY_UISupportedInterfaceOrientations_iPad = "UIInterfaceOrientationPortrait UIInterfaceOrientationPortraitUpsideDown UIInterfaceOrientationLandscapeLeft UIInterfaceOrientationLandscapeRight";
				INFOPLIST_KEY_UISupportedInterfaceOrientations_iPhone = "UIInterfaceOrientationPortrait UIInterfaceOrientationLandscapeLeft UIInterfaceOrientationLandscapeRight";
				LD_RUNPATH_SEARCH_PATHS = (
					"$(inherited)",
					"@executable_path/Frameworks",
				);
				MARKETING_VERSION = 1.0;
				PRODUCT_BUNDLE_IDENTIFIER = "poke-monapp.patiljignesh.com.Poke-monApp";
				PRODUCT_NAME = "$(TARGET_NAME)";
				SWIFT_EMIT_LOC_STRINGS = YES;
				SWIFT_VERSION = 5.0;
				TARGETED_DEVICE_FAMILY = "1,2";
			};
			name = Debug;
		};
		01CCFCE72B27372C00584023 /* Release */ = {
			isa = XCBuildConfiguration;
			buildSettings = {
				ASSETCATALOG_COMPILER_APPICON_NAME = AppIcon;
				ASSETCATALOG_COMPILER_GLOBAL_ACCENT_COLOR_NAME = AccentColor;
				CODE_SIGN_STYLE = Automatic;
				CURRENT_PROJECT_VERSION = 1;
				DEVELOPMENT_TEAM = 9A9QCVT3U8;
				GENERATE_INFOPLIST_FILE = YES;
				INFOPLIST_FILE = "PokémonApp/Info.plist";
				INFOPLIST_KEY_UIApplicationSupportsIndirectInputEvents = YES;
				INFOPLIST_KEY_UILaunchStoryboardName = LaunchScreen;
				INFOPLIST_KEY_UIMainStoryboardFile = Main;
				INFOPLIST_KEY_UISupportedInterfaceOrientations_iPad = "UIInterfaceOrientationPortrait UIInterfaceOrientationPortraitUpsideDown UIInterfaceOrientationLandscapeLeft UIInterfaceOrientationLandscapeRight";
				INFOPLIST_KEY_UISupportedInterfaceOrientations_iPhone = "UIInterfaceOrientationPortrait UIInterfaceOrientationLandscapeLeft UIInterfaceOrientationLandscapeRight";
				LD_RUNPATH_SEARCH_PATHS = (
					"$(inherited)",
					"@executable_path/Frameworks",
				);
				MARKETING_VERSION = 1.0;
				PRODUCT_BUNDLE_IDENTIFIER = "poke-monapp.patiljignesh.com.Poke-monApp";
				PRODUCT_NAME = "$(TARGET_NAME)";
				SWIFT_EMIT_LOC_STRINGS = YES;
				SWIFT_VERSION = 5.0;
				TARGETED_DEVICE_FAMILY = "1,2";
			};
			name = Release;
		};
		01CCFCE92B27372C00584023 /* Debug */ = {
			isa = XCBuildConfiguration;
			buildSettings = {
				ALWAYS_EMBED_SWIFT_STANDARD_LIBRARIES = YES;
				BUNDLE_LOADER = "$(TEST_HOST)";
				CODE_SIGN_STYLE = Automatic;
				CURRENT_PROJECT_VERSION = 1;
				DEVELOPMENT_TEAM = 9A9QCVT3U8;
				GENERATE_INFOPLIST_FILE = YES;
				IPHONEOS_DEPLOYMENT_TARGET = 17.0;
				MARKETING_VERSION = 1.0;
				PRODUCT_BUNDLE_IDENTIFIER = "poke-monapp.patiljignesh.com.Poke-monAppTests";
				PRODUCT_NAME = "$(TARGET_NAME)";
				SWIFT_EMIT_LOC_STRINGS = NO;
				SWIFT_VERSION = 5.0;
				TARGETED_DEVICE_FAMILY = "1,2";
				TEST_HOST = "$(BUILT_PRODUCTS_DIR)/PokémonApp.app/$(BUNDLE_EXECUTABLE_FOLDER_PATH)/PokémonApp";
			};
			name = Debug;
		};
		01CCFCEA2B27372C00584023 /* Release */ = {
			isa = XCBuildConfiguration;
			buildSettings = {
				ALWAYS_EMBED_SWIFT_STANDARD_LIBRARIES = YES;
				BUNDLE_LOADER = "$(TEST_HOST)";
				CODE_SIGN_STYLE = Automatic;
				CURRENT_PROJECT_VERSION = 1;
				DEVELOPMENT_TEAM = 9A9QCVT3U8;
				GENERATE_INFOPLIST_FILE = YES;
				IPHONEOS_DEPLOYMENT_TARGET = 17.0;
				MARKETING_VERSION = 1.0;
				PRODUCT_BUNDLE_IDENTIFIER = "poke-monapp.patiljignesh.com.Poke-monAppTests";
				PRODUCT_NAME = "$(TARGET_NAME)";
				SWIFT_EMIT_LOC_STRINGS = NO;
				SWIFT_VERSION = 5.0;
				TARGETED_DEVICE_FAMILY = "1,2";
				TEST_HOST = "$(BUILT_PRODUCTS_DIR)/PokémonApp.app/$(BUNDLE_EXECUTABLE_FOLDER_PATH)/PokémonApp";
			};
			name = Release;
		};
		01CCFCEC2B27372C00584023 /* Debug */ = {
			isa = XCBuildConfiguration;
			buildSettings = {
				ALWAYS_EMBED_SWIFT_STANDARD_LIBRARIES = YES;
				CODE_SIGN_STYLE = Automatic;
				CURRENT_PROJECT_VERSION = 1;
				DEVELOPMENT_TEAM = 9A9QCVT3U8;
				GENERATE_INFOPLIST_FILE = YES;
				MARKETING_VERSION = 1.0;
				PRODUCT_BUNDLE_IDENTIFIER = "poke-monapp.patiljignesh.com.Poke-monAppUITests";
				PRODUCT_NAME = "$(TARGET_NAME)";
				SWIFT_EMIT_LOC_STRINGS = NO;
				SWIFT_VERSION = 5.0;
				TARGETED_DEVICE_FAMILY = "1,2";
				TEST_TARGET_NAME = "PokémonApp";
			};
			name = Debug;
		};
		01CCFCED2B27372C00584023 /* Release */ = {
			isa = XCBuildConfiguration;
			buildSettings = {
				ALWAYS_EMBED_SWIFT_STANDARD_LIBRARIES = YES;
				CODE_SIGN_STYLE = Automatic;
				CURRENT_PROJECT_VERSION = 1;
				DEVELOPMENT_TEAM = 9A9QCVT3U8;
				GENERATE_INFOPLIST_FILE = YES;
				MARKETING_VERSION = 1.0;
				PRODUCT_BUNDLE_IDENTIFIER = "poke-monapp.patiljignesh.com.Poke-monAppUITests";
				PRODUCT_NAME = "$(TARGET_NAME)";
				SWIFT_EMIT_LOC_STRINGS = NO;
				SWIFT_VERSION = 5.0;
				TARGETED_DEVICE_FAMILY = "1,2";
				TEST_TARGET_NAME = "PokémonApp";
			};
			name = Release;
		};
/* End XCBuildConfiguration section */

/* Begin XCConfigurationList section */
		01CCFCB62B27372A00584023 /* Build configuration list for PBXProject "PokémonApp" */ = {
			isa = XCConfigurationList;
			buildConfigurations = (
				01CCFCE32B27372C00584023 /* Debug */,
				01CCFCE42B27372C00584023 /* Release */,
			);
			defaultConfigurationIsVisible = 0;
			defaultConfigurationName = Release;
		};
		01CCFCE52B27372C00584023 /* Build configuration list for PBXNativeTarget "PokémonApp" */ = {
			isa = XCConfigurationList;
			buildConfigurations = (
				01CCFCE62B27372C00584023 /* Debug */,
				01CCFCE72B27372C00584023 /* Release */,
			);
			defaultConfigurationIsVisible = 0;
			defaultConfigurationName = Release;
		};
		01CCFCE82B27372C00584023 /* Build configuration list for PBXNativeTarget "PokémonAppTests" */ = {
			isa = XCConfigurationList;
			buildConfigurations = (
				01CCFCE92B27372C00584023 /* Debug */,
				01CCFCEA2B27372C00584023 /* Release */,
			);
			defaultConfigurationIsVisible = 0;
			defaultConfigurationName = Release;
		};
		01CCFCEB2B27372C00584023 /* Build configuration list for PBXNativeTarget "PokémonAppUITests" */ = {
			isa = XCConfigurationList;
			buildConfigurations = (
				01CCFCEC2B27372C00584023 /* Debug */,
				01CCFCED2B27372C00584023 /* Release */,
			);
			defaultConfigurationIsVisible = 0;
			defaultConfigurationName = Release;
		};
/* End XCConfigurationList section */
	};
	rootObject = 01CCFCB32B27372A00584023 /* Project object */;
}
